
Microsoft Visual Studio Solution File, Format Version 12.00
# Visual Studio 2013
VisualStudioVersion = 12.0.31101.0
MinimumVisualStudioVersion = 10.0.40219.1
Project("{FAE04EC0-301F-11D3-BF4B-00C04F79EFBC}") = "SuperSimpleStockMarket", "SuperSimpleStockMarket\SuperSimpleStockMarket.csproj", "{661000AB-26EE-4858-AEDD-9212D6820FFC}"
EndProject
Project("{FAE04EC0-301F-11D3-BF4B-00C04F79EFBC}") = "UnitTestProject", "UnitTestProject\UnitTestProject.csproj", "{CF0A0BE3-8AE5-4451-A7B4-6FE975D411F8}"
EndProject
Global
	GlobalSection(SolutionConfigurationPlatforms) = preSolution
		Debug|Any CPU = Debug|Any CPU
		Release|Any CPU = Release|Any CPU
	EndGlobalSection
	GlobalSection(ProjectConfigurationPlatforms) = postSolution
		{661000AB-26EE-4858-AEDD-9212D6820FFC}.Debug|Any CPU.ActiveCfg = Debug|Any CPU
		{661000AB-26EE-4858-AEDD-9212D6820FFC}.Debug|Any CPU.Build.0 = Debug|Any CPU
		{661000AB-26EE-4858-AEDD-9212D6820FFC}.Release|Any CPU.ActiveCfg = Release|Any CPU
		{661000AB-26EE-4858-AEDD-9212D6820FFC}.Release|Any CPU.Build.0 = Release|Any CPU
		{CF0A0BE3-8AE5-4451-A7B4-6FE975D411F8}.Debug|Any CPU.ActiveCfg = Debug|Any CPU
		{CF0A0BE3-8AE5-4451-A7B4-6FE975D411F8}.Debug|Any CPU.Build.0 = Debug|Any CPU
		{CF0A0BE3-8AE5-4451-A7B4-6FE975D411F8}.Release|Any CPU.ActiveCfg = Release|Any CPU
		{CF0A0BE3-8AE5-4451-A7B4-6FE975D411F8}.Release|Any CPU.Build.0 = Release|Any CPU
	EndGlobalSection
	GlobalSection(SolutionProperties) = preSolution
		HideSolutionNode = FALSE
	EndGlobalSection
EndGlobal
